
Microsoft Visual Studio Solution File, Format Version 12.00
# Visual Studio 15
VisualStudioVersion = 15.0.28307.136
MinimumVisualStudioVersion = 10.0.40219.1
Project("{FAE04EC0-301F-11D3-BF4B-00C04F79EFBC}") = "ReadValuesFromAppSettings", "ReadValuesFromAppSettings\ReadValuesFromAppSettings.csproj", "{FDD56EF9-FF1E-4D18-AC60-899ADC08A75A}"
EndProject
Global
	GlobalSection(SolutionConfigurationPlatforms) = preSolution
		Debug|Any CPU = Debug|Any CPU
		Release|Any CPU = Release|Any CPU
	EndGlobalSection
	GlobalSection(ProjectConfigurationPlatforms) = postSolution
		{FDD56EF9-FF1E-4D18-AC60-899ADC08A75A}.Debug|Any CPU.ActiveCfg = Debug|Any CPU
		{FDD56EF9-FF1E-4D18-AC60-899ADC08A75A}.Debug|Any CPU.Build.0 = Debug|Any CPU
		{FDD56EF9-FF1E-4D18-AC60-899ADC08A75A}.Release|Any CPU.ActiveCfg = Release|Any CPU
		{FDD56EF9-FF1E-4D18-AC60-899ADC08A75A}.Release|Any CPU.Build.0 = Release|Any CPU
	EndGlobalSection
	GlobalSection(SolutionProperties) = preSolution
		HideSolutionNode = FALSE
	EndGlobalSection
	GlobalSection(ExtensibilityGlobals) = postSolution
		SolutionGuid = {C6133ADB-8069-497F-8BFB-74DF124C41C5}
	EndGlobalSection
EndGlobal
