
Microsoft Visual Studio Solution File, Format Version 12.00
# Visual Studio 15
VisualStudioVersion = 15.0.28307.136
MinimumVisualStudioVersion = 10.0.40219.1
Project("{FAE04EC0-301F-11D3-BF4B-00C04F79EFBC}") = "MultipleFileUploadInForms", "MultipleFileUploadInForms\MultipleFileUploadInForms.csproj", "{1729C456-BE9C-42DA-8DE8-A964F6B520F0}"
EndProject
Global
	GlobalSection(SolutionConfigurationPlatforms) = preSolution
		Debug|Any CPU = Debug|Any CPU
		Release|Any CPU = Release|Any CPU
	EndGlobalSection
	GlobalSection(ProjectConfigurationPlatforms) = postSolution
		{1729C456-BE9C-42DA-8DE8-A964F6B520F0}.Debug|Any CPU.ActiveCfg = Debug|Any CPU
		{1729C456-BE9C-42DA-8DE8-A964F6B520F0}.Debug|Any CPU.Build.0 = Debug|Any CPU
		{1729C456-BE9C-42DA-8DE8-A964F6B520F0}.Release|Any CPU.ActiveCfg = Release|Any CPU
		{1729C456-BE9C-42DA-8DE8-A964F6B520F0}.Release|Any CPU.Build.0 = Release|Any CPU
	EndGlobalSection
	GlobalSection(SolutionProperties) = preSolution
		HideSolutionNode = FALSE
	EndGlobalSection
	GlobalSection(ExtensibilityGlobals) = postSolution
		SolutionGuid = {78F15697-1A8D-490F-A73B-26D09BB2D92A}
	EndGlobalSection
EndGlobal
